// !$*UTF8*$!
{
	archiveVersion = 1;
	classes = {
	};
	objectVersion = 50;
	objects = {

/* Begin PBXBuildFile section */
		FD183B63258EDD7300BB199D /* AppDelegate.swift in Sources */ = {isa = PBXBuildFile; fileRef = FD183B62258EDD7300BB199D /* AppDelegate.swift */; };
		FD183B65258EDD7300BB199D /* SceneDelegate.swift in Sources */ = {isa = PBXBuildFile; fileRef = FD183B64258EDD7300BB199D /* SceneDelegate.swift */; };
		FD183B67258EDD7300BB199D /* ViewController.swift in Sources */ = {isa = PBXBuildFile; fileRef = FD183B66258EDD7300BB199D /* ViewController.swift */; };
		FD183B6A258EDD7300BB199D /* Main.storyboard in Resources */ = {isa = PBXBuildFile; fileRef = FD183B68258EDD7300BB199D /* Main.storyboard */; };
		FD183B6C258EDD7B00BB199D /* Assets.xcassets in Resources */ = {isa = PBXBuildFile; fileRef = FD183B6B258EDD7B00BB199D /* Assets.xcassets */; };
		FD183B6F258EDD7B00BB199D /* LaunchScreen.storyboard in Resources */ = {isa = PBXBuildFile; fileRef = FD183B6D258EDD7B00BB199D /* LaunchScreen.storyboard */; };
		FD183B7A258EDD7C00BB199D /* tipTests.swift in Sources */ = {isa = PBXBuildFile; fileRef = FD183B79258EDD7C00BB199D /* tipTests.swift */; };
		FD183B85258EDD7C00BB199D /* tipUITests.swift in Sources */ = {isa = PBXBuildFile; fileRef = FD183B84258EDD7C00BB199D /* tipUITests.swift */; };
		FD183B96258F3EE400BB199D /* SettingsViewController.swift in Sources */ = {isa = PBXBuildFile; fileRef = FD183B95258F3EE400BB199D /* SettingsViewController.swift */; };
/* End PBXBuildFile section */

/* Begin PBXContainerItemProxy section */
		FD183B76258EDD7C00BB199D /* PBXContainerItemProxy */ = {
			isa = PBXContainerItemProxy;
			containerPortal = FD183B57258EDD7300BB199D /* Project object */;
			proxyType = 1;
			remoteGlobalIDString = FD183B5E258EDD7300BB199D;
			remoteInfo = tip;
		};
		FD183B81258EDD7C00BB199D /* PBXContainerItemProxy */ = {
			isa = PBXContainerItemProxy;
			containerPortal = FD183B57258EDD7300BB199D /* Project object */;
			proxyType = 1;
			remoteGlobalIDString = FD183B5E258EDD7300BB199D;
			remoteInfo = tip;
		};
/* End PBXContainerItemProxy section */

/* Begin PBXFileReference section */
		FD183B5F258EDD7300BB199D /* tip.app */ = {isa = PBXFileReference; explicitFileType = wrapper.application; includeInIndex = 0; path = tip.app; sourceTree = BUILT_PRODUCTS_DIR; };
		FD183B62258EDD7300BB199D /* AppDelegate.swift */ = {isa = PBXFileReference; lastKnownFileType = sourcecode.swift; path = AppDelegate.swift; sourceTree = "<group>"; };
		FD183B64258EDD7300BB199D /* SceneDelegate.swift */ = {isa = PBXFileReference; lastKnownFileType = sourcecode.swift; path = SceneDelegate.swift; sourceTree = "<group>"; };
		FD183B66258EDD7300BB199D /* ViewController.swift */ = {isa = PBXFileReference; lastKnownFileType = sourcecode.swift; path = ViewController.swift; sourceTree = "<group>"; };
		FD183B69258EDD7300BB199D /* Base */ = {isa = PBXFileReference; lastKnownFileType = file.storyboard; name = Base; path = Base.lproj/Main.storyboard; sourceTree = "<group>"; };
		FD183B6B258EDD7B00BB199D /* Assets.xcassets */ = {isa = PBXFileReference; lastKnownFileType = folder.assetcatalog; path = Assets.xcassets; sourceTree = "<group>"; };
		FD183B6E258EDD7B00BB199D /* Base */ = {isa = PBXFileReference; lastKnownFileType = file.storyboard; name = Base; path = Base.lproj/LaunchScreen.storyboard; sourceTree = "<group>"; };
		FD183B70258EDD7B00BB199D /* Info.plist */ = {isa = PBXFileReference; lastKnownFileType = text.plist.xml; path = Info.plist; sourceTree = "<group>"; };
		FD183B75258EDD7C00BB199D /* tipTests.xctest */ = {isa = PBXFileReference; explicitFileType = wrapper.cfbundle; includeInIndex = 0; path = tipTests.xctest; sourceTree = BUILT_PRODUCTS_DIR; };
		FD183B79258EDD7C00BB199D /* tipTests.swift */ = {isa = PBXFileReference; lastKnownFileType = sourcecode.swift; path = tipTests.swift; sourceTree = "<group>"; };
		FD183B7B258EDD7C00BB199D /* Info.plist */ = {isa = PBXFileReference; lastKnownFileType = text.plist.xml; path = Info.plist; sourceTree = "<group>"; };
		FD183B80258EDD7C00BB199D /* tipUITests.xctest */ = {isa = PBXFileReference; explicitFileType = wrapper.cfbundle; includeInIndex = 0; path = tipUITests.xctest; sourceTree = BUILT_PRODUCTS_DIR; };
		FD183B84258EDD7C00BB199D /* tipUITests.swift */ = {isa = PBXFileReference; lastKnownFileType = sourcecode.swift; path = tipUITests.swift; sourceTree = "<group>"; };
		FD183B86258EDD7C00BB199D /* Info.plist */ = {isa = PBXFileReference; lastKnownFileType = text.plist.xml; path = Info.plist; sourceTree = "<group>"; };
		FD183B95258F3EE400BB199D /* SettingsViewController.swift */ = {isa = PBXFileReference; lastKnownFileType = sourcecode.swift; path = SettingsViewController.swift; sourceTree = "<group>"; };
/* End PBXFileReference section */

/* Begin PBXFrameworksBuildPhase section */
		FD183B5C258EDD7300BB199D /* Frameworks */ = {
			isa = PBXFrameworksBuildPhase;
			buildActionMask = 2147483647;
			files = (
			);
			runOnlyForDeploymentPostprocessing = 0;
		};
		FD183B72258EDD7C00BB199D /* Frameworks */ = {
			isa = PBXFrameworksBuildPhase;
			buildActionMask = 2147483647;
			files = (
			);
			runOnlyForDeploymentPostprocessing = 0;
		};
		FD183B7D258EDD7C00BB199D /* Frameworks */ = {
			isa = PBXFrameworksBuildPhase;
			buildActionMask = 2147483647;
			files = (
			);
			runOnlyForDeploymentPostprocessing = 0;
		};
/* End PBXFrameworksBuildPhase section */

/* Begin PBXGroup section */
		FD183B56258EDD7300BB199D = {
			isa = PBXGroup;
			children = (
				FD183B61258EDD7300BB199D /* tip */,
				FD183B78258EDD7C00BB199D /* tipTests */,
				FD183B83258EDD7C00BB199D /* tipUITests */,
				FD183B60258EDD7300BB199D /* Products */,
			);
			sourceTree = "<group>";
		};
		FD183B60258EDD7300BB199D /* Products */ = {
			isa = PBXGroup;
			children = (
				FD183B5F258EDD7300BB199D /* tip.app */,
				FD183B75258EDD7C00BB199D /* tipTests.xctest */,
				FD183B80258EDD7C00BB199D /* tipUITests.xctest */,
			);
			name = Products;
			sourceTree = "<group>";
		};
		FD183B61258EDD7300BB199D /* tip */ = {
			isa = PBXGroup;
			children = (
				FD183B62258EDD7300BB199D /* AppDelegate.swift */,
				FD183B64258EDD7300BB199D /* SceneDelegate.swift */,
				FD183B66258EDD7300BB199D /* ViewController.swift */,
				FD183B68258EDD7300BB199D /* Main.storyboard */,
				FD183B95258F3EE400BB199D /* SettingsViewController.swift */,
				FD183B6B258EDD7B00BB199D /* Assets.xcassets */,
				FD183B6D258EDD7B00BB199D /* LaunchScreen.storyboard */,
				FD183B70258EDD7B00BB199D /* Info.plist */,
			);
			path = tip;
			sourceTree = "<group>";
		};
		FD183B78258EDD7C00BB199D /* tipTests */ = {
			isa = PBXGroup;
			children = (
				FD183B79258EDD7C00BB199D /* tipTests.swift */,
				FD183B7B258EDD7C00BB199D /* Info.plist */,
			);
			path = tipTests;
			sourceTree = "<group>";
		};
		FD183B83258EDD7C00BB199D /* tipUITests */ = {
			isa = PBXGroup;
			children = (
				FD183B84258EDD7C00BB199D /* tipUITests.swift */,
				FD183B86258EDD7C00BB199D /* Info.plist */,
			);
			path = tipUITests;
			sourceTree = "<group>";
		};
/* End PBXGroup section */

/* Begin PBXNativeTarget section */
		FD183B5E258EDD7300BB199D /* tip */ = {
			isa = PBXNativeTarget;
			buildConfigurationList = FD183B89258EDD7C00BB199D /* Build configuration list for PBXNativeTarget "tip" */;
			buildPhases = (
				FD183B5B258EDD7300BB199D /* Sources */,
				FD183B5C258EDD7300BB199D /* Frameworks */,
				FD183B5D258EDD7300BB199D /* Resources */,
			);
			buildRules = (
			);
			dependencies = (
			);
			name = tip;
			productName = tip;
			productReference = FD183B5F258EDD7300BB199D /* tip.app */;
			productType = "com.apple.product-type.application";
		};
		FD183B74258EDD7C00BB199D /* tipTests */ = {
			isa = PBXNativeTarget;
			buildConfigurationList = FD183B8C258EDD7C00BB199D /* Build configuration list for PBXNativeTarget "tipTests" */;
			buildPhases = (
				FD183B71258EDD7C00BB199D /* Sources */,
				FD183B72258EDD7C00BB199D /* Frameworks */,
				FD183B73258EDD7C00BB199D /* Resources */,
			);
			buildRules = (
			);
			dependencies = (
				FD183B77258EDD7C00BB199D /* PBXTargetDependency */,
			);
			name = tipTests;
			productName = tipTests;
			productReference = FD183B75258EDD7C00BB199D /* tipTests.xctest */;
			productType = "com.apple.product-type.bundle.unit-test";
		};
		FD183B7F258EDD7C00BB199D /* tipUITests */ = {
			isa = PBXNativeTarget;
			buildConfigurationList = FD183B8F258EDD7C00BB199D /* Build configuration list for PBXNativeTarget "tipUITests" */;
			buildPhases = (
				FD183B7C258EDD7C00BB199D /* Sources */,
				FD183B7D258EDD7C00BB199D /* Frameworks */,
				FD183B7E258EDD7C00BB199D /* Resources */,
			);
			buildRules = (
			);
			dependencies = (
				FD183B82258EDD7C00BB199D /* PBXTargetDependency */,
			);
			name = tipUITests;
			productName = tipUITests;
			productReference = FD183B80258EDD7C00BB199D /* tipUITests.xctest */;
			productType = "com.apple.product-type.bundle.ui-testing";
		};
/* End PBXNativeTarget section */

/* Begin PBXProject section */
		FD183B57258EDD7300BB199D /* Project object */ = {
			isa = PBXProject;
			attributes = {
				LastSwiftUpdateCheck = 1230;
				LastUpgradeCheck = 1230;
				TargetAttributes = {
					FD183B5E258EDD7300BB199D = {
						CreatedOnToolsVersion = 12.3;
					};
					FD183B74258EDD7C00BB199D = {
						CreatedOnToolsVersion = 12.3;
						TestTargetID = FD183B5E258EDD7300BB199D;
					};
					FD183B7F258EDD7C00BB199D = {
						CreatedOnToolsVersion = 12.3;
						TestTargetID = FD183B5E258EDD7300BB199D;
					};
				};
			};
			buildConfigurationList = FD183B5A258EDD7300BB199D /* Build configuration list for PBXProject "tip" */;
			compatibilityVersion = "Xcode 9.3";
			developmentRegion = en;
			hasScannedForEncodings = 0;
			knownRegions = (
				en,
				Base,
			);
			mainGroup = FD183B56258EDD7300BB199D;
			productRefGroup = FD183B60258EDD7300BB199D /* Products */;
			projectDirPath = "";
			projectRoot = "";
			targets = (
				FD183B5E258EDD7300BB199D /* tip */,
				FD183B74258EDD7C00BB199D /* tipTests */,
				FD183B7F258EDD7C00BB199D /* tipUITests */,
			);
		};
/* End PBXProject section */

/* Begin PBXResourcesBuildPhase section */
		FD183B5D258EDD7300BB199D /* Resources */ = {
			isa = PBXResourcesBuildPhase;
			buildActionMask = 2147483647;
			files = (
				FD183B6F258EDD7B00BB199D /* LaunchScreen.storyboard in Resources */,
				FD183B6C258EDD7B00BB199D /* Assets.xcassets in Resources */,
				FD183B6A258EDD7300BB199D /* Main.storyboard in Resources */,
			);
			runOnlyForDeploymentPostprocessing = 0;
		};
		FD183B73258EDD7C00BB199D /* Resources */ = {
			isa = PBXResourcesBuildPhase;
			buildActionMask = 2147483647;
			files = (
			);
			runOnlyForDeploymentPostprocessing = 0;
		};
		FD183B7E258EDD7C00BB199D /* Resources */ = {
			isa = PBXResourcesBuildPhase;
			buildActionMask = 2147483647;
			files = (
			);
			runOnlyForDeploymentPostprocessing = 0;
		};
/* End PBXResourcesBuildPhase section */

/* Begin PBXSourcesBuildPhase section */
		FD183B5B258EDD7300BB199D /* Sources */ = {
			isa = PBXSourcesBuildPhase;
			buildActionMask = 2147483647;
			files = (
				FD183B67258EDD7300BB199D /* ViewController.swift in Sources */,
				FD183B63258EDD7300BB199D /* AppDelegate.swift in Sources */,
				FD183B65258EDD7300BB199D /* SceneDelegate.swift in Sources */,
				FD183B96258F3EE400BB199D /* SettingsViewController.swift in Sources */,
			);
			runOnlyForDeploymentPostprocessing = 0;
		};
		FD183B71258EDD7C00BB199D /* Sources */ = {
			isa = PBXSourcesBuildPhase;
			buildActionMask = 2147483647;
			files = (
				FD183B7A258EDD7C00BB199D /* tipTests.swift in Sources */,
			);
			runOnlyForDeploymentPostprocessing = 0;
		};
		FD183B7C258EDD7C00BB199D /* Sources */ = {
			isa = PBXSourcesBuildPhase;
			buildActionMask = 2147483647;
			files = (
				FD183B85258EDD7C00BB199D /* tipUITests.swift in Sources */,
			);
			runOnlyForDeploymentPostprocessing = 0;
		};
/* End PBXSourcesBuildPhase section */

/* Begin PBXTargetDependency section */
		FD183B77258EDD7C00BB199D /* PBXTargetDependency */ = {
			isa = PBXTargetDependency;
			target = FD183B5E258EDD7300BB199D /* tip */;
			targetProxy = FD183B76258EDD7C00BB199D /* PBXContainerItemProxy */;
		};
		FD183B82258EDD7C00BB199D /* PBXTargetDependency */ = {
			isa = PBXTargetDependency;
			target = FD183B5E258EDD7300BB199D /* tip */;
			targetProxy = FD183B81258EDD7C00BB199D /* PBXContainerItemProxy */;
		};
/* End PBXTargetDependency section */

/* Begin PBXVariantGroup section */
		FD183B68258EDD7300BB199D /* Main.storyboard */ = {
			isa = PBXVariantGroup;
			children = (
				FD183B69258EDD7300BB199D /* Base */,
			);
			name = Main.storyboard;
			sourceTree = "<group>";
		};
		FD183B6D258EDD7B00BB199D /* LaunchScreen.storyboard */ = {
			isa = PBXVariantGroup;
			children = (
				FD183B6E258EDD7B00BB199D /* Base */,
			);
			name = LaunchScreen.storyboard;
			sourceTree = "<group>";
		};
/* End PBXVariantGroup section */

/* Begin XCBuildConfiguration section */
		FD183B87258EDD7C00BB199D /* Debug */ = {
			isa = XCBuildConfiguration;
			buildSettings = {
				ALWAYS_SEARCH_USER_PATHS = NO;
				CLANG_ANALYZER_NONNULL = YES;
				CLANG_ANALYZER_NUMBER_OBJECT_CONVERSION = YES_AGGRESSIVE;
				CLANG_CXX_LANGUAGE_STANDARD = "gnu++14";
				CLANG_CXX_LIBRARY = "libc++";
				CLANG_ENABLE_MODULES = YES;
				CLANG_ENABLE_OBJC_ARC = YES;
				CLANG_ENABLE_OBJC_WEAK = YES;
				CLANG_WARN_BLOCK_CAPTURE_AUTORELEASING = YES;
				CLANG_WARN_BOOL_CONVERSION = YES;
				CLANG_WARN_COMMA = YES;
				CLANG_WARN_CONSTANT_CONVERSION = YES;
				CLANG_WARN_DEPRECATED_OBJC_IMPLEMENTATIONS = YES;
				CLANG_WARN_DIRECT_OBJC_ISA_USAGE = YES_ERROR;
				CLANG_WARN_DOCUMENTATION_COMMENTS = YES;
				CLANG_WARN_EMPTY_BODY = YES;
				CLANG_WARN_ENUM_CONVERSION = YES;
				CLANG_WARN_INFINITE_RECURSION = YES;
				CLANG_WARN_INT_CONVERSION = YES;
				CLANG_WARN_NON_LITERAL_NULL_CONVERSION = YES;
				CLANG_WARN_OBJC_IMPLICIT_RETAIN_SELF = YES;
				CLANG_WARN_OBJC_LITERAL_CONVERSION = YES;
				CLANG_WARN_OBJC_ROOT_CLASS = YES_ERROR;
				CLANG_WARN_QUOTED_INCLUDE_IN_FRAMEWORK_HEADER = YES;
				CLANG_WARN_RANGE_LOOP_ANALYSIS = YES;
				CLANG_WARN_STRICT_PROTOTYPES = YES;
				CLANG_WARN_SUSPICIOUS_MOVE = YES;
				CLANG_WARN_UNGUARDED_AVAILABILITY = YES_AGGRESSIVE;
				CLANG_WARN_UNREACHABLE_CODE = YES;
				CLANG_WARN__DUPLICATE_METHOD_MATCH = YES;
				COPY_PHASE_STRIP = NO;
				DEBUG_INFORMATION_FORMAT = dwarf;
				ENABLE_STRICT_OBJC_MSGSEND = YES;
				ENABLE_TESTABILITY = YES;
				GCC_C_LANGUAGE_STANDARD = gnu11;
				GCC_DYNAMIC_NO_PIC = NO;
				GCC_NO_COMMON_BLOCKS = YES;
				GCC_OPTIMIZATION_LEVEL = 0;
				GCC_PREPROCESSOR_DEFINITIONS = (
					"DEBUG=1",
					"$(inherited)",
				);
				GCC_WARN_64_TO_32_BIT_CONVERSION = YES;
				GCC_WARN_ABOUT_RETURN_TYPE = YES_ERROR;
				GCC_WARN_UNDECLARED_SELECTOR = YES;
				GCC_WARN_UNINITIALIZED_AUTOS = YES_AGGRESSIVE;
				GCC_WARN_UNUSED_FUNCTION = YES;
				GCC_WARN_UNUSED_VARIABLE = YES;
				IPHONEOS_DEPLOYMENT_TARGET = 14.3;
				MTL_ENABLE_DEBUG_INFO = INCLUDE_SOURCE;
				MTL_FAST_MATH = YES;
				ONLY_ACTIVE_ARCH = YES;
				SDKROOT = iphoneos;
				SWIFT_ACTIVE_COMPILATION_CONDITIONS = DEBUG;
				SWIFT_OPTIMIZATION_LEVEL = "-Onone";
			};
			name = Debug;
		};
		FD183B88258EDD7C00BB199D /* Release */ = {
			isa = XCBuildConfiguration;
			buildSettings = {
				ALWAYS_SEARCH_USER_PATHS = NO;
				CLANG_ANALYZER_NONNULL = YES;
				CLANG_ANALYZER_NUMBER_OBJECT_CONVERSION = YES_AGGRESSIVE;
				CLANG_CXX_LANGUAGE_STANDARD = "gnu++14";
				CLANG_CXX_LIBRARY = "libc++";
				CLANG_ENABLE_MODULES = YES;
				CLANG_ENABLE_OBJC_ARC = YES;
				CLANG_ENABLE_OBJC_WEAK = YES;
				CLANG_WARN_BLOCK_CAPTURE_AUTORELEASING = YES;
				CLANG_WARN_BOOL_CONVERSION = YES;
				CLANG_WARN_COMMA = YES;
				CLANG_WARN_CONSTANT_CONVERSION = YES;
				CLANG_WARN_DEPRECATED_OBJC_IMPLEMENTATIONS = YES;
				CLANG_WARN_DIRECT_OBJC_ISA_USAGE = YES_ERROR;
				CLANG_WARN_DOCUMENTATION_COMMENTS = YES;
				CLANG_WARN_EMPTY_BODY = YES;
				CLANG_WARN_ENUM_CONVERSION = YES;
				CLANG_WARN_INFINITE_RECURSION = YES;
				CLANG_WARN_INT_CONVERSION = YES;
				CLANG_WARN_NON_LITERAL_NULL_CONVERSION = YES;
				CLANG_WARN_OBJC_IMPLICIT_RETAIN_SELF = YES;
				CLANG_WARN_OBJC_LITERAL_CONVERSION = YES;
				CLANG_WARN_OBJC_ROOT_CLASS = YES_ERROR;
				CLANG_WARN_QUOTED_INCLUDE_IN_FRAMEWORK_HEADER = YES;
				CLANG_WARN_RANGE_LOOP_ANALYSIS = YES;
				CLANG_WARN_STRICT_PROTOTYPES = YES;
				CLANG_WARN_SUSPICIOUS_MOVE = YES;
				CLANG_WARN_UNGUARDED_AVAILABILITY = YES_AGGRESSIVE;
				CLANG_WARN_UNREACHABLE_CODE = YES;
				CLANG_WARN__DUPLICATE_METHOD_MATCH = YES;
				COPY_PHASE_STRIP = NO;
				DEBUG_INFORMATION_FORMAT = "dwarf-with-dsym";
				ENABLE_NS_ASSERTIONS = NO;
				ENABLE_STRICT_OBJC_MSGSEND = YES;
				GCC_C_LANGUAGE_STANDARD = gnu11;
				GCC_NO_COMMON_BLOCKS = YES;
				GCC_WARN_64_TO_32_BIT_CONVERSION = YES;
				GCC_WARN_ABOUT_RETURN_TYPE = YES_ERROR;
				GCC_WARN_UNDECLARED_SELECTOR = YES;
				GCC_WARN_UNINITIALIZED_AUTOS = YES_AGGRESSIVE;
				GCC_WARN_UNUSED_FUNCTION = YES;
				GCC_WARN_UNUSED_VARIABLE = YES;
				IPHONEOS_DEPLOYMENT_TARGET = 14.3;
				MTL_ENABLE_DEBUG_INFO = NO;
				MTL_FAST_MATH = YES;
				SDKROOT = iphoneos;
				SWIFT_COMPILATION_MODE = wholemodule;
				SWIFT_OPTIMIZATION_LEVEL = "-O";
				VALIDATE_PRODUCT = YES;
			};
			name = Release;
		};
		FD183B8A258EDD7C00BB199D /* Debug */ = {
			isa = XCBuildConfiguration;
			buildSettings = {
				ASSETCATALOG_COMPILER_APPICON_NAME = AppIcon;
				ASSETCATALOG_COMPILER_GLOBAL_ACCENT_COLOR_NAME = AccentColor;
				CODE_SIGN_STYLE = Automatic;
				INFOPLIST_FILE = tip/Info.plist;
				LD_RUNPATH_SEARCH_PATHS = (
					"$(inherited)",
					"@executable_path/Frameworks",
				);
				PRODUCT_BUNDLE_IDENTIFIER = Codepath.tip;
				PRODUCT_NAME = "$(TARGET_NAME)";
				SWIFT_VERSION = 5.0;
				TARGETED_DEVICE_FAMILY = "1,2";
			};
			name = Debug;
		};
		FD183B8B258EDD7C00BB199D /* Release */ = {
			isa = XCBuildConfiguration;
			buildSettings = {
				ASSETCATALOG_COMPILER_APPICON_NAME = AppIcon;
				ASSETCATALOG_COMPILER_GLOBAL_ACCENT_COLOR_NAME = AccentColor;
				CODE_SIGN_STYLE = Automatic;
				INFOPLIST_FILE = tip/Info.plist;
				LD_RUNPATH_SEARCH_PATHS = (
					"$(inherited)",
					"@executable_path/Frameworks",
				);
				PRODUCT_BUNDLE_IDENTIFIER = Codepath.tip;
				PRODUCT_NAME = "$(TARGET_NAME)";
				SWIFT_VERSION = 5.0;
				TARGETED_DEVICE_FAMILY = "1,2";
			};
			name = Release;
		};
		FD183B8D258EDD7C00BB199D /* Debug */ = {
			isa = XCBuildConfiguration;
			buildSettings = {
				ALWAYS_EMBED_SWIFT_STANDARD_LIBRARIES = YES;
				BUNDLE_LOADER = "$(TEST_HOST)";
				CODE_SIGN_STYLE = Automatic;
				INFOPLIST_FILE = tipTests/Info.plist;
				IPHONEOS_DEPLOYMENT_TARGET = 14.3;
				LD_RUNPATH_SEARCH_PATHS = (
					"$(inherited)",
					"@executable_path/Frameworks",
					"@loader_path/Frameworks",
				);
				PRODUCT_BUNDLE_IDENTIFIER = Codepath.tipTests;
				PRODUCT_NAME = "$(TARGET_NAME)";
				SWIFT_VERSION = 5.0;
				TARGETED_DEVICE_FAMILY = "1,2";
				TEST_HOST = "$(BUILT_PRODUCTS_DIR)/tip.app/tip";
			};
			name = Debug;
		};
		FD183B8E258EDD7C00BB199D /* Release */ = {
			isa = XCBuildConfiguration;
			buildSettings = {
				ALWAYS_EMBED_SWIFT_STANDARD_LIBRARIES = YES;
				BUNDLE_LOADER = "$(TEST_HOST)";
				CODE_SIGN_STYLE = Automatic;
				INFOPLIST_FILE = tipTests/Info.plist;
				IPHONEOS_DEPLOYMENT_TARGET = 14.3;
				LD_RUNPATH_SEARCH_PATHS = (
					"$(inherited)",
					"@executable_path/Frameworks",
					"@loader_path/Frameworks",
				);
				PRODUCT_BUNDLE_IDENTIFIER = Codepath.tipTests;
				PRODUCT_NAME = "$(TARGET_NAME)";
				SWIFT_VERSION = 5.0;
				TARGETED_DEVICE_FAMILY = "1,2";
				TEST_HOST = "$(BUILT_PRODUCTS_DIR)/tip.app/tip";
			};
			name = Release;
		};
		FD183B90258EDD7C00BB199D /* Debug */ = {
			isa = XCBuildConfiguration;
			buildSettings = {
				ALWAYS_EMBED_SWIFT_STANDARD_LIBRARIES = YES;
				CODE_SIGN_STYLE = Automatic;
				INFOPLIST_FILE = tipUITests/Info.plist;
				LD_RUNPATH_SEARCH_PATHS = (
					"$(inherited)",
					"@executable_path/Frameworks",
					"@loader_path/Frameworks",
				);
				PRODUCT_BUNDLE_IDENTIFIER = Codepath.tipUITests;
				PRODUCT_NAME = "$(TARGET_NAME)";
				SWIFT_VERSION = 5.0;
				TARGETED_DEVICE_FAMILY = "1,2";
				TEST_TARGET_NAME = tip;
			};
			name = Debug;
		};
		FD183B91258EDD7C00BB199D /* Release */ = {
			isa = XCBuildConfiguration;
			buildSettings = {
				ALWAYS_EMBED_SWIFT_STANDARD_LIBRARIES = YES;
				CODE_SIGN_STYLE = Automatic;
				INFOPLIST_FILE = tipUITests/Info.plist;
				LD_RUNPATH_SEARCH_PATHS = (
					"$(inherited)",
					"@executable_path/Frameworks",
					"@loader_path/Frameworks",
				);
				PRODUCT_BUNDLE_IDENTIFIER = Codepath.tipUITests;
				PRODUCT_NAME = "$(TARGET_NAME)";
				SWIFT_VERSION = 5.0;
				TARGETED_DEVICE_FAMILY = "1,2";
				TEST_TARGET_NAME = tip;
			};
			name = Release;
		};
/* End XCBuildConfiguration section */

/* Begin XCConfigurationList section */
		FD183B5A258EDD7300BB199D /* Build configuration list for PBXProject "tip" */ = {
			isa = XCConfigurationList;
			buildConfigurations = (
				FD183B87258EDD7C00BB199D /* Debug */,
				FD183B88258EDD7C00BB199D /* Release */,
			);
			defaultConfigurationIsVisible = 0;
			defaultConfigurationName = Release;
		};
		FD183B89258EDD7C00BB199D /* Build configuration list for PBXNativeTarget "tip" */ = {
			isa = XCConfigurationList;
			buildConfigurations = (
				FD183B8A258EDD7C00BB199D /* Debug */,
				FD183B8B258EDD7C00BB199D /* Release */,
			);
			defaultConfigurationIsVisible = 0;
			defaultConfigurationName = Release;
		};
		FD183B8C258EDD7C00BB199D /* Build configuration list for PBXNativeTarget "tipTests" */ = {
			isa = XCConfigurationList;
			buildConfigurations = (
				FD183B8D258EDD7C00BB199D /* Debug */,
				FD183B8E258EDD7C00BB199D /* Release */,
			);
			defaultConfigurationIsVisible = 0;
			defaultConfigurationName = Release;
		};
		FD183B8F258EDD7C00BB199D /* Build configuration list for PBXNativeTarget "tipUITests" */ = {
			isa = XCConfigurationList;
			buildConfigurations = (
				FD183B90258EDD7C00BB199D /* Debug */,
				FD183B91258EDD7C00BB199D /* Release */,
			);
			defaultConfigurationIsVisible = 0;
			defaultConfigurationName = Release;
		};
/* End XCConfigurationList section */
	};
	rootObject = FD183B57258EDD7300BB199D /* Project object */;
}
